Microsoft Visual Studio Solution File, Format Version 12.00
# Visual Studio Version 17
VisualStudioVersion = 17.5.2.0
MinimumVisualStudioVersion = 10.0.40219.1
Project("{FAE04EC0-301F-11D3-BF4B-00C04F79EFBC}") = "StudentManagement.API", "StudentManagement.API.csproj", "{5567174B-8F27-EEC4-C07E-CF4268B1A3BB}"
EndProject
Global
	GlobalSection(SolutionConfigurationPlatforms) = preSolution
		Debug|Any CPU = Debug|Any CPU
		Release|Any CPU = Release|Any CPU
	EndGlobalSection
	GlobalSection(ProjectConfigurationPlatforms) = postSolution
		{5567174B-8F27-EEC4-C07E-CF4268B1A3BB}.Debug|Any CPU.ActiveCfg = Debug|Any CPU
		{5567174B-8F27-EEC4-C07E-CF4268B1A3BB}.Debug|Any CPU.Build.0 = Debug|Any CPU
		{5567174B-8F27-EEC4-C07E-CF4268B1A3BB}.Release|Any CPU.ActiveCfg = Release|Any CPU
		{5567174B-8F27-EEC4-C07E-CF4268B1A3BB}.Release|Any CPU.Build.0 = Release|Any CPU
	EndGlobalSection
	GlobalSection(SolutionProperties) = preSolution
		HideSolutionNode = FALSE
	EndGlobalSection
	GlobalSection(ExtensibilityGlobals) = postSolution
		SolutionGuid = {D7105EFE-B7DA-425F-B76D-B88DF6191BC1}
	EndGlobalSection
EndGlobal
